
Microsoft Visual Studio Solution File, Format Version 12.00
# Visual Studio Version 17
VisualStudioVersion = 17.5.33627.172
MinimumVisualStudioVersion = 10.0.40219.1
Project("{FAE04EC0-301F-11D3-BF4B-00C04F79EFBC}") = "Datos", "Datos\Datos.csproj", "{F59892A0-7514-4743-B22B-342675CFFC75}"
EndProject
Project("{FAE04EC0-301F-11D3-BF4B-00C04F79EFBC}") = "Entidades", "Entidades\Entidades.csproj", "{66BBCF46-8A5B-4BDC-A959-909250626A39}"
EndProject
Project("{FAE04EC0-301F-11D3-BF4B-00C04F79EFBC}") = "Negocio", "Negocio\Negocio.csproj", "{A11E9509-F4DE-4133-88E1-87F100F0BB61}"
EndProject
Project("{FAE04EC0-301F-11D3-BF4B-00C04F79EFBC}") = "Seguridad", "Seguridad\Seguridad.csproj", "{942FF475-F918-4908-8836-B1DBE7B02886}"
EndProject
Project("{FAE04EC0-301F-11D3-BF4B-00C04F79EFBC}") = "Presentacion", "Presentacion\Presentacion.csproj", "{09BF3850-C262-49AD-8E3B-BAE73E09290A}"
EndProject
Global
	GlobalSection(SolutionConfigurationPlatforms) = preSolution
		Debug|Any CPU = Debug|Any CPU
		Release|Any CPU = Release|Any CPU
	EndGlobalSection
	GlobalSection(ProjectConfigurationPlatforms) = postSolution
		{F59892A0-7514-4743-B22B-342675CFFC75}.Debug|Any CPU.ActiveCfg = Debug|Any CPU
		{F59892A0-7514-4743-B22B-342675CFFC75}.Debug|Any CPU.Build.0 = Debug|Any CPU
		{F59892A0-7514-4743-B22B-342675CFFC75}.Release|Any CPU.ActiveCfg = Release|Any CPU
		{F59892A0-7514-4743-B22B-342675CFFC75}.Release|Any CPU.Build.0 = Release|Any CPU
		{66BBCF46-8A5B-4BDC-A959-909250626A39}.Debug|Any CPU.ActiveCfg = Debug|Any CPU
		{66BBCF46-8A5B-4BDC-A959-909250626A39}.Debug|Any CPU.Build.0 = Debug|Any CPU
		{66BBCF46-8A5B-4BDC-A959-909250626A39}.Release|Any CPU.ActiveCfg = Release|Any CPU
		{66BBCF46-8A5B-4BDC-A959-909250626A39}.Release|Any CPU.Build.0 = Release|Any CPU
		{A11E9509-F4DE-4133-88E1-87F100F0BB61}.Debug|Any CPU.ActiveCfg = Debug|Any CPU
		{A11E9509-F4DE-4133-88E1-87F100F0BB61}.Debug|Any CPU.Build.0 = Debug|Any CPU
		{A11E9509-F4DE-4133-88E1-87F100F0BB61}.Release|Any CPU.ActiveCfg = Release|Any CPU
		{A11E9509-F4DE-4133-88E1-87F100F0BB61}.Release|Any CPU.Build.0 = Release|Any CPU
		{942FF475-F918-4908-8836-B1DBE7B02886}.Debug|Any CPU.ActiveCfg = Debug|Any CPU
		{942FF475-F918-4908-8836-B1DBE7B02886}.Debug|Any CPU.Build.0 = Debug|Any CPU
		{942FF475-F918-4908-8836-B1DBE7B02886}.Release|Any CPU.ActiveCfg = Release|Any CPU
		{942FF475-F918-4908-8836-B1DBE7B02886}.Release|Any CPU.Build.0 = Release|Any CPU
		{09BF3850-C262-49AD-8E3B-BAE73E09290A}.Debug|Any CPU.ActiveCfg = Debug|Any CPU
		{09BF3850-C262-49AD-8E3B-BAE73E09290A}.Debug|Any CPU.Build.0 = Debug|Any CPU
		{09BF3850-C262-49AD-8E3B-BAE73E09290A}.Release|Any CPU.ActiveCfg = Release|Any CPU
		{09BF3850-C262-49AD-8E3B-BAE73E09290A}.Release|Any CPU.Build.0 = Release|Any CPU
	EndGlobalSection
	GlobalSection(SolutionProperties) = preSolution
		HideSolutionNode = FALSE
	EndGlobalSection
	GlobalSection(ExtensibilityGlobals) = postSolution
		SolutionGuid = {8F0DC5C0-E369-43BB-90D4-FE266CF132D5}
	EndGlobalSection
EndGlobal
